
Microsoft Visual Studio Solution File, Format Version 12.00
# Visual Studio Version 17
VisualStudioVersion = 17.11.35303.130
MinimumVisualStudioVersion = 10.0.40219.1
Project("{FAE04EC0-301F-11D3-BF4B-00C04F79EFBC}") = "Pong", "Pong\Pong.csproj", "{27AABC1B-66F0-462B-AA82-141DFF080F65}"
EndProject
Global
	GlobalSection(SolutionConfigurationPlatforms) = preSolution
		Debug|Any CPU = Debug|Any CPU
		Release|Any CPU = Release|Any CPU
	EndGlobalSection
	GlobalSection(ProjectConfigurationPlatforms) = postSolution
		{27AABC1B-66F0-462B-AA82-141DFF080F65}.Debug|Any CPU.ActiveCfg = Debug|Any CPU
		{27AABC1B-66F0-462B-AA82-141DFF080F65}.Debug|Any CPU.Build.0 = Debug|Any CPU
		{27AABC1B-66F0-462B-AA82-141DFF080F65}.Release|Any CPU.ActiveCfg = Release|Any CPU
		{27AABC1B-66F0-462B-AA82-141DFF080F65}.Release|Any CPU.Build.0 = Release|Any CPU
	EndGlobalSection
	GlobalSection(SolutionProperties) = preSolution
		HideSolutionNode = FALSE
	EndGlobalSection
	GlobalSection(ExtensibilityGlobals) = postSolution
		SolutionGuid = {01277B86-B4AF-48EF-B746-1CDFA66968A5}
	EndGlobalSection
EndGlobal
